
Microsoft Visual Studio Solution File, Format Version 12.00
# Visual Studio Version 17
VisualStudioVersion = 17.2.32630.192
MinimumVisualStudioVersion = 10.0.40219.1
Project("{FAE04EC0-301F-11D3-BF4B-00C04F79EFBC}") = "TestKursach2", "TestKursach2\TestKursach2.csproj", "{A1847E08-8774-41BB-9991-75D58FD79255}"
EndProject
Global
	GlobalSection(SolutionConfigurationPlatforms) = preSolution
		Debug|Any CPU = Debug|Any CPU
		Release|Any CPU = Release|Any CPU
	EndGlobalSection
	GlobalSection(ProjectConfigurationPlatforms) = postSolution
		{A1847E08-8774-41BB-9991-75D58FD79255}.Debug|Any CPU.ActiveCfg = Debug|Any CPU
		{A1847E08-8774-41BB-9991-75D58FD79255}.Debug|Any CPU.Build.0 = Debug|Any CPU
		{A1847E08-8774-41BB-9991-75D58FD79255}.Release|Any CPU.ActiveCfg = Release|Any CPU
		{A1847E08-8774-41BB-9991-75D58FD79255}.Release|Any CPU.Build.0 = Release|Any CPU
	EndGlobalSection
	GlobalSection(SolutionProperties) = preSolution
		HideSolutionNode = FALSE
	EndGlobalSection
	GlobalSection(ExtensibilityGlobals) = postSolution
		SolutionGuid = {C28399A7-4ABC-4843-A214-4EC5683F0AA8}
	EndGlobalSection
EndGlobal
